
Microsoft Visual Studio Solution File, Format Version 12.00
# Visual Studio Version 17
VisualStudioVersion = 17.14.36623.8 d17.14
MinimumVisualStudioVersion = 10.0.40219.1
Project("{FAE04EC0-301F-11D3-BF4B-00C04F79EFBC}") = "Trizetto2025CardGame", "Trizetto2025CardGame\Trizetto2025CardGame.csproj", "{663345C9-0BF1-4705-A4CF-3F0230E06991}"
EndProject
Global
	GlobalSection(SolutionConfigurationPlatforms) = preSolution
		Debug|Any CPU = Debug|Any CPU
		Release|Any CPU = Release|Any CPU
	EndGlobalSection
	GlobalSection(ProjectConfigurationPlatforms) = postSolution
		{663345C9-0BF1-4705-A4CF-3F0230E06991}.Debug|Any CPU.ActiveCfg = Debug|Any CPU
		{663345C9-0BF1-4705-A4CF-3F0230E06991}.Debug|Any CPU.Build.0 = Debug|Any CPU
		{663345C9-0BF1-4705-A4CF-3F0230E06991}.Release|Any CPU.ActiveCfg = Release|Any CPU
		{663345C9-0BF1-4705-A4CF-3F0230E06991}.Release|Any CPU.Build.0 = Release|Any CPU
	EndGlobalSection
	GlobalSection(SolutionProperties) = preSolution
		HideSolutionNode = FALSE
	EndGlobalSection
	GlobalSection(ExtensibilityGlobals) = postSolution
		SolutionGuid = {6EFA9CD0-86DF-450A-BB5C-FCBED32D0460}
	EndGlobalSection
EndGlobal
